# THIS IS AN AUTOGENERATED FILE. DO NOT EDIT THIS FILE DIRECTLY.
# yarn lockfile v1


"@babel/runtime@^7.10.2":
  version "7.17.9"
  resolved "https://registry.yarnpkg.com/@babel/runtime/-/runtime-7.17.9.tgz#d19fbf802d01a8cb6cf053a64e472d42c434ba72"
  integrity sha512-lSiBBvodq29uShpWGNbgFdKYNiFDo5/HIYsaCEY9ff4sb10x9jizo2+pRrSyF4jKZCXqgzuqBOQKbUm90gQwJg==
  dependencies:
    regenerator-runtime "^0.13.4"

"@editorjs/checklist@^1.1.0":
  version "1.3.0"
  resolved "https://registry.yarnpkg.com/@editorjs/checklist/-/checklist-1.3.0.tgz#98c08f0c6a8b62a2b1a0f181604c1a8c8edc15b1"
  integrity sha512-087oW0oOIE5HX8llj4Eap/reFDFw8VCLlp6GU0E9GEp7f3zy2aV6KdFR+6dbYhZ50w7tSnkMpCAcSq1NXJeB4Q==

"@editorjs/code@^2.4.1":
  version "2.7.0"
  resolved "https://registry.yarnpkg.com/@editorjs/code/-/code-2.7.0.tgz#0a21de9ac15e4533605ffcc80969513ab2142ac5"
  integrity sha512-gXtTce915fHp3H9i4IqhTxEDbbkT2heFfYiW/bhFHsCmZDpyGzfZxi94kmrEqDmbxXjV49ZZ6GZbR26If13KJw==

"@editorjs/delimiter@^1.1.0":
  version "1.2.0"
  resolved "https://registry.yarnpkg.com/@editorjs/delimiter/-/delimiter-1.2.0.tgz#5075f1a3e68765cfb6aec8694b316d81e2b41607"
  integrity sha512-GKsCFPk85vH5FuCuVQ48NTLc9hk0T3DsBH9zABaicTYIJayFcUa8N4/Y+L3i4tduzDqqyvoxkv+5n43GmC5gEA==

"@editorjs/editorjs@^2.17.0":
  version "2.23.2"
  resolved "https://registry.yarnpkg.com/@editorjs/editorjs/-/editorjs-2.23.2.tgz#a4d3e60de8052602233750eda353596c09131a90"
  integrity sha512-SXWQjxE/ZO6zWvo83U+gfkM9LVJzYOtNkttyXkdfyYALVWiENyxtlej/Jmd1TZ4yWpKwQEICPXz0ceGkzKnJyQ==
  dependencies:
    codex-notifier "^1.1.2"
    codex-tooltip "^1.0.4"
    nanoid "^3.1.22"

"@editorjs/embed@^2.2.1":
  version "2.5.1"
  resolved "https://registry.yarnpkg.com/@editorjs/embed/-/embed-2.5.1.tgz#e03e56d880df7816e34f5419b4ed0e8059885173"
  integrity sha512-QoBvC6upo5ubO0toGlt5b1Upcq15MC4eqejxcjcm291Ww5cO+lKhSFY6KNk3ldL9PnWKtORxFCd6pAawtkkijA==

"@editorjs/header@^2.4.1":
  version "2.6.2"
  resolved "https://registry.yarnpkg.com/@editorjs/header/-/header-2.6.2.tgz#523b6dda72ff882e53f64325840ee7bfc68ee6b7"
  integrity sha512-U1dnT+KGjwFmpWneEEyR2Nqp42hn9iKwQDgRHWQM+y6qx82pg+eAyuIf0QWt2Mluu9uPD2CzNfvJ+pxIuwX8Lw==

"@editorjs/image@^2.3.4":
  version "2.6.2"
  resolved "https://registry.yarnpkg.com/@editorjs/image/-/image-2.6.2.tgz#2fc23666807ae20e937d08bf65589f0b1f424aed"
  integrity sha512-lai6LFJ8m3qRmSjio66o0CX7/75OupC3FQ5JWrV/biRT6GvUHtRNWKaMowKcC2ndXtfs4w6WwRxcXlB4WhUAdg==

"@editorjs/inline-code@^1.3.1":
  version "1.3.1"
  resolved "https://registry.yarnpkg.com/@editorjs/inline-code/-/inline-code-1.3.1.tgz#4890e30d00dcaeacafbcb30459309dfd740b0d4b"
  integrity sha512-iY6DeRmJo2Jl6sB2S9QEA9OoSp+KCHBztoY2fjPeiBcKCOKX8we5H3JQJTLxT0L/N8uJqCUiiPKgG6xvqaCn+g==

"@editorjs/link@^2.1.3":
  version "2.4.0"
  resolved "https://registry.yarnpkg.com/@editorjs/link/-/link-2.4.0.tgz#f54e41854e2453116999da985b745a182db14069"
  integrity sha512-Dk5n4HkiXtZvhDIEBu7uiXhkPl2lhmMFW8FaUnOiERZHJzIZGQf/qe6GdFN6Bo51j/wVADVyq6m8ZylKwIiCVA==
  dependencies:
    "@babel/runtime" "^7.10.2"

"@editorjs/list@^1.4.0":
  version "1.7.0"
  resolved "https://registry.yarnpkg.com/@editorjs/list/-/list-1.7.0.tgz#986c55026bdeee2ec7ef74fe09bd4b285e12bd1e"
  integrity sha512-0k0RKbQqfV32u24UYHHz5mrmSu4wr246qqXBT7xQiS533Bfd4hzki6UGzvy4f275ULzi+egbjI3BXLkpoTh9iQ==

"@editorjs/marker@^1.2.2":
  version "1.2.2"
  resolved "https://registry.yarnpkg.com/@editorjs/marker/-/marker-1.2.2.tgz#d9261a257436bf70179c0fa1e766ab85c823c96b"
  integrity sha512-BN/IHbVKKahGnMAiBOV5U7XUjfF6JkIkTZ6qNLxtTr7PUPM8UsJV8G8pyll9CX+XRUYYZyokA2kEBHTS4vUyyw==

"@editorjs/paragraph@^2.6.1":
  version "2.8.0"
  resolved "https://registry.yarnpkg.com/@editorjs/paragraph/-/paragraph-2.8.0.tgz#11cc381fcafaf8b9160517ce65d59eee93fc4af9"
  integrity sha512-z6w5ZR0ru3p/IjxJW/tb7OcSnVttkZukQMIsnBMX1FIKc1BNdr7NwM1YoCyTl4OnC90YfL0xgES6/20/W267pw==

"@editorjs/quote@^2.3.0":
  version "2.4.0"
  resolved "https://registry.yarnpkg.com/@editorjs/quote/-/quote-2.4.0.tgz#effe570f9055831a230e0417fafa6091a6169a47"
  integrity sha512-IWOBWjL2ngPP63GcIAltyD9kc7OVZFma4kS+T5JRHvKKDspYsnmrxsbRmCPc+coZQzqPxXHkiOZuNMdmGX/Y3w==

"@editorjs/raw@^2.1.2":
  version "2.3.0"
  resolved "https://registry.yarnpkg.com/@editorjs/raw/-/raw-2.3.0.tgz#d0c3daa1144e38b4d92bc5eca2faebba337bfae7"
  integrity sha512-wC+3pTQVB2hvDcF4mcMgOr7DhO432lGYqOam/CwfyyfG5BDqaPrwgZTiVyteZ25D5ZQD677IVYZ48oX33+2HgQ==

"@editorjs/simple-image@^1.3.3":
  version "1.4.1"
  resolved "https://registry.yarnpkg.com/@editorjs/simple-image/-/simple-image-1.4.1.tgz#16a847e0f21041dfac0af8235d19b8a8a756c493"
  integrity sha512-8lqcMYKrxhnDNasqq4Id9/SwXymSofVb4SJBC7gQoJmNG9bfRgVEXLsEUnuLzn8ixkAYlK2oNTc7ioZdD8bEOw==

"@editorjs/table@^1.2.2":
  version "1.3.0"
  resolved "https://registry.yarnpkg.com/@editorjs/table/-/table-1.3.0.tgz#d203352135c86909df8bdb5a6c323a5c5041600d"
  integrity sha512-3/gr7IkjsYuECndCpcBSKzZQHos7C9QU1ach8avyVbXB3VLAa1RyGjgocu0Ct4d02HdxirrYZ7+vP1Na+s04GQ==

"@editorjs/warning@^1.1.1":
  version "1.2.0"
  resolved "https://registry.yarnpkg.com/@editorjs/warning/-/warning-1.2.0.tgz#245a2286a2e996512ac345275b64fa638e319f5e"
  integrity sha512-CMIsB+b8Ti8/duOzYfKn1upFEEMxj821RDyBbDx8iku4DRql524VnAErvd00sYnFpKKbXNOF4oQnBo/7bDIzPQ==

"@next/env@12.1.5":
  version "12.1.5"
  resolved "https://registry.yarnpkg.com/@next/env/-/env-12.1.5.tgz#a21ba6708022d630402ca2b340316e69a0296dfc"
  integrity sha512-+34yUJslfJi7Lyx6ELuN8nWcOzi27izfYnZIC1Dqv7kmmfiBVxgzR3BXhlvEMTKC2IRJhXVs2FkMY+buQe3k7Q==

"@next/swc-android-arm-eabi@12.1.5":
  version "12.1.5"
  resolved "https://registry.yarnpkg.com/@next/swc-android-arm-eabi/-/swc-android-arm-eabi-12.1.5.tgz#36729ab3dfd7743e82cfe536b43254dcb146620c"
  integrity sha512-SKnGTdYcoN04Y2DvE0/Y7/MjkA+ltsmbuH/y/hR7Ob7tsj+8ZdOYuk+YvW1B8dY20nDPHP58XgDTSm2nA8BzzA==

"@next/swc-android-arm64@12.1.5":
  version "12.1.5"
  resolved "https://registry.yarnpkg.com/@next/swc-android-arm64/-/swc-android-arm64-12.1.5.tgz#52578f552305c92d0b9b81d603c9643fb71e0835"
  integrity sha512-YXiqgQ/9Rxg1dXp6brXbeQM1JDx9SwUY/36JiE+36FXqYEmDYbxld9qkX6GEzkc5rbwJ+RCitargnzEtwGW0mw==

"@next/swc-darwin-arm64@12.1.5":
  version "12.1.5"
  resolved "https://registry.yarnpkg.com/@next/swc-darwin-arm64/-/swc-darwin-arm64-12.1.5.tgz#3d5b53211484c72074f4975ba0ec2b1107db300e"
  integrity sha512-y8mhldb/WFZ6lFeowkGfi0cO/lBdiBqDk4T4LZLvCpoQp4Or/NzUN6P5NzBQZ5/b4oUHM/wQICEM+1wKA4qIVw==

"@next/swc-darwin-x64@12.1.5":
  version "12.1.5"
  resolved "https://registry.yarnpkg.com/@next/swc-darwin-x64/-/swc-darwin-x64-12.1.5.tgz#adcabb732d226453777c0d37d58eaff9328b66fd"
  integrity sha512-wqJ3X7WQdTwSGi0kIDEmzw34QHISRIQ5uvC+VXmsIlCPFcMA+zM5723uh8NfuKGquDMiEMS31a83QgkuHMYbwQ==

"@next/swc-linux-arm-gnueabihf@12.1.5":
  version "12.1.5"
  resolved "https://registry.yarnpkg.com/@next/swc-linux-arm-gnueabihf/-/swc-linux-arm-gnueabihf-12.1.5.tgz#82a7cde67482b756bc65fbebf1dfa8a782074e93"
  integrity sha512-WnhdM5duONMvt2CncAl+9pim0wBxDS2lHoo7ub/o/i1bRbs11UTzosKzEXVaTDCUkCX2c32lIDi1WcN2ZPkcdw==

"@next/swc-linux-arm64-gnu@12.1.5":
  version "12.1.5"
  resolved "https://registry.yarnpkg.com/@next/swc-linux-arm64-gnu/-/swc-linux-arm64-gnu-12.1.5.tgz#f82ca014504950aab751e81f467492e9be0bad5d"
  integrity sha512-Jq2H68yQ4bLUhR/XQnbw3LDW0GMQn355qx6rU36BthDLeGue7YV7MqNPa8GKvrpPocEMW77nWx/1yI6w6J07gw==

"@next/swc-linux-arm64-musl@12.1.5":
  version "12.1.5"
  resolved "https://registry.yarnpkg.com/@next/swc-linux-arm64-musl/-/swc-linux-arm64-musl-12.1.5.tgz#f811ec9f4b12a978426c284c95ab2f515ddf7f9e"
  integrity sha512-KgPjwdbhDqXI7ghNN8V/WAiLquc9Ebe8KBrNNEL0NQr+yd9CyKJ6KqjayVkmX+hbHzbyvbui/5wh/p3CZQ9xcQ==

"@next/swc-linux-x64-gnu@12.1.5":
  version "12.1.5"
  resolved "https://registry.yarnpkg.com/@next/swc-linux-x64-gnu/-/swc-linux-x64-gnu-12.1.5.tgz#d44857257e6d20dc841998951d584ab1f25772c3"
  integrity sha512-O2ErUTvCJ6DkNTSr9pbu1n3tcqykqE/ebty1rwClzIYdOgpB3T2MfEPP+K7GhUR87wmN/hlihO9ch7qpVFDGKw==

"@next/swc-linux-x64-musl@12.1.5":
  version "12.1.5"
  resolved "https://registry.yarnpkg.com/@next/swc-linux-x64-musl/-/swc-linux-x64-musl-12.1.5.tgz#3cc523abadc9a2a6de680593aff06e71cc29ecef"
  integrity sha512-1eIlZmlO/VRjxxzUBcVosf54AFU3ltAzHi+BJA+9U/lPxCYIsT+R4uO3QksRzRjKWhVQMRjEnlXyyq5SKJm7BA==

"@next/swc-win32-arm64-msvc@12.1.5":
  version "12.1.5"
  resolved "https://registry.yarnpkg.com/@next/swc-win32-arm64-msvc/-/swc-win32-arm64-msvc-12.1.5.tgz#c62232d869f1f9b22e8f24e4e7f05307c20f30ca"
  integrity sha512-oromsfokbEuVb0CBLLE7R9qX3KGXucZpsojLpzUh1QJjuy1QkrPJncwr8xmWQnwgtQ6ecMWXgXPB+qtvizT9Tw==

"@next/swc-win32-ia32-msvc@12.1.5":
  version "12.1.5"
  resolved "https://registry.yarnpkg.com/@next/swc-win32-ia32-msvc/-/swc-win32-ia32-msvc-12.1.5.tgz#2bd9b28a9ba730d12a493e7d9d18e150fe89d496"
  integrity sha512-a/51L5KzBpeZSW9LbekMo3I3Cwul+V+QKwbEIMA+Qwb2qrlcn1L9h3lt8cHqNTFt2y72ce6aTwDTw1lyi5oIRA==

"@next/swc-win32-x64-msvc@12.1.5":
  version "12.1.5"
  resolved "https://registry.yarnpkg.com/@next/swc-win32-x64-msvc/-/swc-win32-x64-msvc-12.1.5.tgz#02f377e4d41eaaacf265e34bab9bacd8efc4a351"
  integrity sha512-/SoXW1Ntpmpw3AXAzfDRaQidnd8kbZ2oSni8u5z0yw6t4RwJvmdZy1eOaAADRThWKV+2oU90++LSnXJIwBRWYQ==

"@types/node@^17.0.24":
  version "17.0.24"
  resolved "https://registry.yarnpkg.com/@types/node/-/node-17.0.24.tgz#20ba1bf69c1b4ab405c7a01e950c4f446b05029f"
  integrity sha512-aveCYRQbgTH9Pssp1voEP7HiuWlD2jW2BO56w+bVrJn04i61yh6mRfoKO6hEYQD9vF+W8Chkwc6j1M36uPkx4g==

"@types/prop-types@*":
  version "15.7.5"
  resolved "https://registry.yarnpkg.com/@types/prop-types/-/prop-types-15.7.5.tgz#5f19d2b85a98e9558036f6a3cacc8819420f05cf"
  integrity sha512-JCB8C6SnDoQf0cNycqd/35A7MjcnK+ZTqE7judS6o7utxUCg6imJg3QK2qzHKszlTjcj2cn+NwMB2i96ubpj7w==

"@types/react@^18.0.5":
  version "18.0.5"
  resolved "https://registry.yarnpkg.com/@types/react/-/react-18.0.5.tgz#1a4d4b705ae6af5aed369dec22800b20f89f5301"
  integrity sha512-UPxNGInDCIKlfqBrm8LDXYWNfLHwIdisWcsH5GpMyGjhEDLFgTtlRBaoWuCua9HcyuE0rMkmAeZ3FXV1pYLIYQ==
  dependencies:
    "@types/prop-types" "*"
    "@types/scheduler" "*"
    csstype "^3.0.2"

"@types/scheduler@*":
  version "0.16.2"
  resolved "https://registry.yarnpkg.com/@types/scheduler/-/scheduler-0.16.2.tgz#1a62f89525723dde24ba1b01b092bf5df8ad4d39"
  integrity sha512-hppQEBDmlwhFAXKJX2KnWLYu5yMfi91yazPb2l+lbJiwW+wdo1gNeRA+3RgNSO39WYX2euey41KEwnqesU2Jew==

caniuse-lite@^1.0.30001283:
  version "1.0.30001332"
  resolved "https://registry.yarnpkg.com/caniuse-lite/-/caniuse-lite-1.0.30001332.tgz#39476d3aa8d83ea76359c70302eafdd4a1d727dd"
  integrity sha512-10T30NYOEQtN6C11YGg411yebhvpnC6Z102+B95eAsN0oB6KUs01ivE8u+G6FMIRtIrVlYXhL+LUwQ3/hXwDWw==

codex-notifier@^1.1.2:
  version "1.1.2"
  resolved "https://registry.yarnpkg.com/codex-notifier/-/codex-notifier-1.1.2.tgz#a733079185f4c927fa296f1d71eb8753fe080895"
  integrity sha512-DCp6xe/LGueJ1N5sXEwcBc3r3PyVkEEDNWCVigfvywAkeXcZMk9K41a31tkEFBW0Ptlwji6/JlAb49E3Yrxbtg==

codex-tooltip@^1.0.4:
  version "1.0.5"
  resolved "https://registry.yarnpkg.com/codex-tooltip/-/codex-tooltip-1.0.5.tgz#ba25fd5b3a58ba2f73fd667c2b46987ffd1edef2"
  integrity sha512-IuA8LeyLU5p1B+HyhOsqR6oxyFQ11k3i9e9aXw40CrHFTRO2Y1npNBVU3W1SvhKAbUU7R/YikUBdcYFP0RcJag==

csstype@^3.0.2:
  version "3.0.11"
  resolved "https://registry.yarnpkg.com/csstype/-/csstype-3.0.11.tgz#d66700c5eacfac1940deb4e3ee5642792d85cd33"
  integrity sha512-sa6P2wJ+CAbgyy4KFssIb/JNMLxFvKF1pCYCSXS8ZMuqZnMsrxqI2E5sPyoTpxoPU/gVZMzr2zjOfg8GIZOMsw==

"js-tokens@^3.0.0 || ^4.0.0":
  version "4.0.0"
  resolved "https://registry.yarnpkg.com/js-tokens/-/js-tokens-4.0.0.tgz#19203fb59991df98e3a287050d4647cdeaf32499"
  integrity sha512-RdJUflcE3cUzKiMqQgsCu06FPu9UdIJO0beYbPhHN4k6apgJtifcoCtT9bcxOpYBtpD2kCM6Sbzg4CausW/PKQ==

loose-envify@^1.1.0:
  version "1.4.0"
  resolved "https://registry.yarnpkg.com/loose-envify/-/loose-envify-1.4.0.tgz#71ee51fa7be4caec1a63839f7e682d8132d30caf"
  integrity sha512-lyuxPGr/Wfhrlem2CL/UcnUc1zcqKAImBDzukY7Y5F/yQiNdko6+fRLevlw1HgMySw7f611UIY408EtxRSoK3Q==
  dependencies:
    js-tokens "^3.0.0 || ^4.0.0"

nanoid@^3.1.22, nanoid@^3.1.30:
  version "3.3.2"
  resolved "https://registry.yarnpkg.com/nanoid/-/nanoid-3.3.2.tgz#c89622fafb4381cd221421c69ec58547a1eec557"
  integrity sha512-CuHBogktKwpm5g2sRgv83jEy2ijFzBwMoYA60orPDR7ynsLijJDqgsi4RDGj3OJpy3Ieb+LYwiRmIOGyytgITA==

next@12:
  version "12.1.5"
  resolved "https://registry.yarnpkg.com/next/-/next-12.1.5.tgz#7a07687579ddce61ee519493e1c178d83abac063"
  integrity sha512-YGHDpyfgCfnT5GZObsKepmRnne7Kzp7nGrac07dikhutWQug7hHg85/+sPJ4ZW5Q2pDkb+n0FnmLkmd44htIJQ==
  dependencies:
    "@next/env" "12.1.5"
    caniuse-lite "^1.0.30001283"
    postcss "8.4.5"
    styled-jsx "5.0.1"
  optionalDependencies:
    "@next/swc-android-arm-eabi" "12.1.5"
    "@next/swc-android-arm64" "12.1.5"
    "@next/swc-darwin-arm64" "12.1.5"
    "@next/swc-darwin-x64" "12.1.5"
    "@next/swc-linux-arm-gnueabihf" "12.1.5"
    "@next/swc-linux-arm64-gnu" "12.1.5"
    "@next/swc-linux-arm64-musl" "12.1.5"
    "@next/swc-linux-x64-gnu" "12.1.5"
    "@next/swc-linux-x64-musl" "12.1.5"
    "@next/swc-win32-arm64-msvc" "12.1.5"
    "@next/swc-win32-ia32-msvc" "12.1.5"
    "@next/swc-win32-x64-msvc" "12.1.5"

now@^18.0.0:
  version "18.0.0"
  resolved "https://registry.yarnpkg.com/now/-/now-18.0.0.tgz#e6689205346e354f822b1f5feb2c0d7d570c172f"
  integrity sha512-MVskFV3xH1hMkpTewPCb3p0SQ17hL7EI1Zb+Ij2wYiRV3X0a6G91GdE2vvFlhsK6rhRHKHZnDQkZ0AnkpnfzHA==

picocolors@^1.0.0:
  version "1.0.0"
  resolved "https://registry.yarnpkg.com/picocolors/-/picocolors-1.0.0.tgz#cb5bdc74ff3f51892236eaf79d68bc44564ab81c"
  integrity sha512-1fygroTLlHu66zi26VoTDv8yRgm0Fccecssto+MhsZ0D/DGW2sm8E8AjW7NU5VVTRt5GxbeZ5qBuJr+HyLYkjQ==

postcss@8.4.5:
  version "8.4.5"
  resolved "https://registry.yarnpkg.com/postcss/-/postcss-8.4.5.tgz#bae665764dfd4c6fcc24dc0fdf7e7aa00cc77f95"
  integrity sha512-jBDboWM8qpaqwkMwItqTQTiFikhs/67OYVvblFFTM7MrZjt6yMKd6r2kgXizEbTTljacm4NldIlZnhbjr84QYg==
  dependencies:
    nanoid "^3.1.30"
    picocolors "^1.0.0"
    source-map-js "^1.0.1"

react-dom@^18.0.0:
  version "18.0.0"
  resolved "https://registry.yarnpkg.com/react-dom/-/react-dom-18.0.0.tgz#26b88534f8f1dbb80853e1eabe752f24100d8023"
  integrity sha512-XqX7uzmFo0pUceWFCt7Gff6IyIMzFUn7QMZrbrQfGxtaxXZIcGQzoNpRLE3fQLnS4XzLLPMZX2T9TRcSrasicw==
  dependencies:
    loose-envify "^1.1.0"
    scheduler "^0.21.0"

react@^18.0.0:
  version "18.0.0"
  resolved "https://registry.yarnpkg.com/react/-/react-18.0.0.tgz#b468736d1f4a5891f38585ba8e8fb29f91c3cb96"
  integrity sha512-x+VL6wbT4JRVPm7EGxXhZ8w8LTROaxPXOqhlGyVSrv0sB1jkyFGgXxJ8LVoPRLvPR6/CIZGFmfzqUa2NYeMr2A==
  dependencies:
    loose-envify "^1.1.0"

regenerator-runtime@^0.13.4:
  version "0.13.9"
  resolved "https://registry.yarnpkg.com/regenerator-runtime/-/regenerator-runtime-0.13.9.tgz#8925742a98ffd90814988d7566ad30ca3b263b52"
  integrity sha512-p3VT+cOEgxFsRRA9X4lkI1E+k2/CtnKtU4gcxyaCUreilL/vqI6CdZ3wxVUx3UOUg+gnUOQQcRI7BmSI656MYA==

scheduler@^0.21.0:
  version "0.21.0"
  resolved "https://registry.yarnpkg.com/scheduler/-/scheduler-0.21.0.tgz#6fd2532ff5a6d877b6edb12f00d8ab7e8f308820"
  integrity sha512-1r87x5fz9MXqswA2ERLo0EbOAU74DpIUO090gIasYTqlVoJeMcl+Z1Rg7WHz+qtPujhS/hGIt9kxZOYBV3faRQ==
  dependencies:
    loose-envify "^1.1.0"

source-map-js@^1.0.1:
  version "1.0.2"
  resolved "https://registry.yarnpkg.com/source-map-js/-/source-map-js-1.0.2.tgz#adbc361d9c62df380125e7f161f71c826f1e490c"
  integrity sha512-R0XvVJ9WusLiqTCEiGCmICCMplcCkIwwR11mOSD9CR5u+IXYdiseeEuXCVAjS54zqwkLcPNnmU4OeJ6tUrWhDw==

styled-jsx@5.0.1:
  version "5.0.1"
  resolved "https://registry.yarnpkg.com/styled-jsx/-/styled-jsx-5.0.1.tgz#78fecbbad2bf95ce6cd981a08918ce4696f5fc80"
  integrity sha512-+PIZ/6Uk40mphiQJJI1202b+/dYeTVd9ZnMPR80pgiWbjIwvN2zIp4r9et0BgqBuShh48I0gttPlAXA7WVvBxw==

typescript@^4.6.3:
  version "4.6.3"
  resolved "https://registry.yarnpkg.com/typescript/-/typescript-4.6.3.tgz#eefeafa6afdd31d725584c67a0eaba80f6fc6c6c"
  integrity sha512-yNIatDa5iaofVozS/uQJEl3JRWLKKGJKh6Yaiv0GLGSuhpFJe7P3SbHZ8/yjAHRQwKRoA6YZqlfjXWmVzoVSMw==
